
Microsoft Visual Studio Solution File, Format Version 12.00
# Visual Studio Version 17
VisualStudioVersion = 17.0.32112.339
MinimumVisualStudioVersion = 10.0.40219.1
Project("{FAE04EC0-301F-11D3-BF4B-00C04F79EFBC}") = "veskool", "veskool.csproj", "{9DBA72D4-396C-45EC-AD8A-2F4BB7542BDB}"
EndProject
Global
	GlobalSection(SolutionConfigurationPlatforms) = preSolution
		Debug|Any CPU = Debug|Any CPU
		Release|Any CPU = Release|Any CPU
	EndGlobalSection
	GlobalSection(ProjectConfigurationPlatforms) = postSolution
		{9DBA72D4-396C-45EC-AD8A-2F4BB7542BDB}.Debug|Any CPU.ActiveCfg = Debug|Any CPU
		{9DBA72D4-396C-45EC-AD8A-2F4BB7542BDB}.Debug|Any CPU.Build.0 = Debug|Any CPU
		{9DBA72D4-396C-45EC-AD8A-2F4BB7542BDB}.Release|Any CPU.ActiveCfg = Release|Any CPU
		{9DBA72D4-396C-45EC-AD8A-2F4BB7542BDB}.Release|Any CPU.Build.0 = Release|Any CPU
	EndGlobalSection
	GlobalSection(SolutionProperties) = preSolution
		HideSolutionNode = FALSE
	EndGlobalSection
	GlobalSection(ExtensibilityGlobals) = postSolution
		SolutionGuid = {E203E014-44EE-4640-A1AD-122CAB2FD9E9}
	EndGlobalSection
EndGlobal
